Microsoft Visual Studio Solution File, Format Version 12.00
# Visual Studio Version 17
VisualStudioVersion = 17.5.2.0
MinimumVisualStudioVersion = 10.0.40219.1
Project("{FAE04EC0-301F-11D3-BF4B-00C04F79EFBC}") = "MPC-Plus", "MPC-Plus.csproj", "{52854574-7776-B4F9-3FD4-2D88D1D338CC}"
EndProject
Global
	GlobalSection(SolutionConfigurationPlatforms) = preSolution
		Debug|Any CPU = Debug|Any CPU
		Release|Any CPU = Release|Any CPU
	EndGlobalSection
	GlobalSection(ProjectConfigurationPlatforms) = postSolution
		{52854574-7776-B4F9-3FD4-2D88D1D338CC}.Debug|Any CPU.ActiveCfg = Debug|Any CPU
		{52854574-7776-B4F9-3FD4-2D88D1D338CC}.Debug|Any CPU.Build.0 = Debug|Any CPU
		{52854574-7776-B4F9-3FD4-2D88D1D338CC}.Release|Any CPU.ActiveCfg = Release|Any CPU
		{52854574-7776-B4F9-3FD4-2D88D1D338CC}.Release|Any CPU.Build.0 = Release|Any CPU
	EndGlobalSection
	GlobalSection(SolutionProperties) = preSolution
		HideSolutionNode = FALSE
	EndGlobalSection
	GlobalSection(ExtensibilityGlobals) = postSolution
		SolutionGuid = {D4B4BA8A-35C7-4C90-891F-04D7431CE299}
	EndGlobalSection
EndGlobal
